
Microsoft Visual Studio Solution File, Format Version 12.00
# Visual Studio Version 16
VisualStudioVersion = 16.0.29102.190
MinimumVisualStudioVersion = 10.0.40219.1
Project("{FAE04EC0-301F-11D3-BF4B-00C04F79EFBC}") = "BrandBook.Web", "BrandBook.Web\BrandBook.Web.csproj", "{16656BE7-8DAF-442B-9D3A-438016784DE8}"
EndProject
Project("{FAE04EC0-301F-11D3-BF4B-00C04F79EFBC}") = "BrandBook.Core", "BrandBook.Core\BrandBook.Core.csproj", "{095315A3-F944-4219-BBFF-DAAA4D214C03}"
EndProject
Project("{FAE04EC0-301F-11D3-BF4B-00C04F79EFBC}") = "BrandBook.Infrastructure", "BrandBook.Infrastructure\BrandBook.Infrastructure.csproj", "{F7421C73-9FD6-4213-ABAF-630D8428305E}"
EndProject
Project("{FAE04EC0-301F-11D3-BF4B-00C04F79EFBC}") = "BrandBook.Services", "BrandBook.Services\BrandBook.Services.csproj", "{8C90C0CD-8087-4521-B92F-F2845BE4E5F6}"
EndProject
Project("{FAE04EC0-301F-11D3-BF4B-00C04F79EFBC}") = "BrandBook.Web.Framework", "BrandBook.Web.Framework\BrandBook.Web.Framework.csproj", "{18AE69DC-669E-45AF-A1C4-7D8DD44622A9}"
EndProject
Project("{FAE04EC0-301F-11D3-BF4B-00C04F79EFBC}") = "BrandBook.Resources", "BrandBook.Resources\BrandBook.Resources.csproj", "{AF550719-7734-4B5B-9C55-88AB5FD69F4A}"
EndProject
Project("{2150E333-8FDC-42A3-9474-1A3956D46DE8}") = "UnitTests", "UnitTests", "{AF5A9C6A-8656-4934-B97D-73DDB35E5213}"
EndProject
Project("{FAE04EC0-301F-11D3-BF4B-00C04F79EFBC}") = "BrandBook.Services.Test", "UnitTests\BrandBook.Services.Test\BrandBook.Services.Test.csproj", "{149CE6D5-A0AC-4200-BE4D-8F58F2151E61}"
EndProject
Global
	GlobalSection(SolutionConfigurationPlatforms) = preSolution
		Debug|Any CPU = Debug|Any CPU
		Release|Any CPU = Release|Any CPU
	EndGlobalSection
	GlobalSection(ProjectConfigurationPlatforms) = postSolution
		{16656BE7-8DAF-442B-9D3A-438016784DE8}.Debug|Any CPU.ActiveCfg = Debug|Any CPU
		{16656BE7-8DAF-442B-9D3A-438016784DE8}.Debug|Any CPU.Build.0 = Debug|Any CPU
		{16656BE7-8DAF-442B-9D3A-438016784DE8}.Release|Any CPU.ActiveCfg = Release|Any CPU
		{16656BE7-8DAF-442B-9D3A-438016784DE8}.Release|Any CPU.Build.0 = Release|Any CPU
		{095315A3-F944-4219-BBFF-DAAA4D214C03}.Debug|Any CPU.ActiveCfg = Debug|Any CPU
		{095315A3-F944-4219-BBFF-DAAA4D214C03}.Debug|Any CPU.Build.0 = Debug|Any CPU
		{095315A3-F944-4219-BBFF-DAAA4D214C03}.Release|Any CPU.ActiveCfg = Release|Any CPU
		{095315A3-F944-4219-BBFF-DAAA4D214C03}.Release|Any CPU.Build.0 = Release|Any CPU
		{F7421C73-9FD6-4213-ABAF-630D8428305E}.Debug|Any CPU.ActiveCfg = Debug|Any CPU
		{F7421C73-9FD6-4213-ABAF-630D8428305E}.Debug|Any CPU.Build.0 = Debug|Any CPU
		{F7421C73-9FD6-4213-ABAF-630D8428305E}.Release|Any CPU.ActiveCfg = Release|Any CPU
		{F7421C73-9FD6-4213-ABAF-630D8428305E}.Release|Any CPU.Build.0 = Release|Any CPU
		{8C90C0CD-8087-4521-B92F-F2845BE4E5F6}.Debug|Any CPU.ActiveCfg = Debug|Any CPU
		{8C90C0CD-8087-4521-B92F-F2845BE4E5F6}.Debug|Any CPU.Build.0 = Debug|Any CPU
		{8C90C0CD-8087-4521-B92F-F2845BE4E5F6}.Release|Any CPU.ActiveCfg = Release|Any CPU
		{8C90C0CD-8087-4521-B92F-F2845BE4E5F6}.Release|Any CPU.Build.0 = Release|Any CPU
		{18AE69DC-669E-45AF-A1C4-7D8DD44622A9}.Debug|Any CPU.ActiveCfg = Debug|Any CPU
		{18AE69DC-669E-45AF-A1C4-7D8DD44622A9}.Debug|Any CPU.Build.0 = Debug|Any CPU
		{18AE69DC-669E-45AF-A1C4-7D8DD44622A9}.Release|Any CPU.ActiveCfg = Release|Any CPU
		{18AE69DC-669E-45AF-A1C4-7D8DD44622A9}.Release|Any CPU.Build.0 = Release|Any CPU
		{AF550719-7734-4B5B-9C55-88AB5FD69F4A}.Debug|Any CPU.ActiveCfg = Debug|Any CPU
		{AF550719-7734-4B5B-9C55-88AB5FD69F4A}.Debug|Any CPU.Build.0 = Debug|Any CPU
		{AF550719-7734-4B5B-9C55-88AB5FD69F4A}.Release|Any CPU.ActiveCfg = Release|Any CPU
		{AF550719-7734-4B5B-9C55-88AB5FD69F4A}.Release|Any CPU.Build.0 = Release|Any CPU
		{149CE6D5-A0AC-4200-BE4D-8F58F2151E61}.Debug|Any CPU.ActiveCfg = Debug|Any CPU
		{149CE6D5-A0AC-4200-BE4D-8F58F2151E61}.Debug|Any CPU.Build.0 = Debug|Any CPU
		{149CE6D5-A0AC-4200-BE4D-8F58F2151E61}.Release|Any CPU.ActiveCfg = Release|Any CPU
		{149CE6D5-A0AC-4200-BE4D-8F58F2151E61}.Release|Any CPU.Build.0 = Release|Any CPU
	EndGlobalSection
	GlobalSection(SolutionProperties) = preSolution
		HideSolutionNode = FALSE
	EndGlobalSection
	GlobalSection(NestedProjects) = preSolution
		{149CE6D5-A0AC-4200-BE4D-8F58F2151E61} = {AF5A9C6A-8656-4934-B97D-73DDB35E5213}
	EndGlobalSection
	GlobalSection(ExtensibilityGlobals) = postSolution
		SolutionGuid = {9A8A22C4-CB71-4ADC-A800-F84EB6D0ABFB}
	EndGlobalSection
EndGlobal
