
Microsoft Visual Studio Solution File, Format Version 12.00
# Visual Studio Version 16
VisualStudioVersion = 16.0.30517.126
MinimumVisualStudioVersion = 10.0.40219.1
Project("{9A19103F-16F7-4668-BE54-9A1E7A4F7556}") = "BrandCi.Web", "BrandCi.Web\BrandCi.Web.csproj", "{6274D25C-380E-44DB-8FB7-D1ADCE3CE191}"
EndProject
Project("{FAE04EC0-301F-11D3-BF4B-00C04F79EFBC}") = "BrandCi.Core", "BrandCi.Core\BrandCi.Core.csproj", "{32AF839F-0737-4B37-BBA5-650B7AF32E82}"
EndProject
Project("{FAE04EC0-301F-11D3-BF4B-00C04F79EFBC}") = "BrandCi.Infrastructure", "BrandCi.Infrastructure\BrandCi.Infrastructure.csproj", "{343EDDB8-BBF0-4966-ABAA-F7600C40D37A}"
EndProject
Project("{FAE04EC0-301F-11D3-BF4B-00C04F79EFBC}") = "BrandCi.Services", "BrandCi.Services\BrandCi.Services.csproj", "{0AC38F54-2350-482D-A761-DBCE4ADD185D}"
EndProject
Project("{FAE04EC0-301F-11D3-BF4B-00C04F79EFBC}") = "BrandCi.Web.Framework", "BrandCi.Web.Framework\BrandCi.Web.Framework.csproj", "{5F303F29-5F11-4507-A597-16AB8404B8E0}"
EndProject
Project("{FAE04EC0-301F-11D3-BF4B-00C04F79EFBC}") = "BrandCi.Resources", "BrandCi.Resources\BrandCi.Resources.csproj", "{20D6696F-8553-4C54-92B6-8F1127F44476}"
EndProject
Global
	GlobalSection(SolutionConfigurationPlatforms) = preSolution
		Debug|Any CPU = Debug|Any CPU
		Release|Any CPU = Release|Any CPU
	EndGlobalSection
	GlobalSection(ProjectConfigurationPlatforms) = postSolution
		{6274D25C-380E-44DB-8FB7-D1ADCE3CE191}.Debug|Any CPU.ActiveCfg = Debug|Any CPU
		{6274D25C-380E-44DB-8FB7-D1ADCE3CE191}.Debug|Any CPU.Build.0 = Debug|Any CPU
		{6274D25C-380E-44DB-8FB7-D1ADCE3CE191}.Release|Any CPU.ActiveCfg = Release|Any CPU
		{6274D25C-380E-44DB-8FB7-D1ADCE3CE191}.Release|Any CPU.Build.0 = Release|Any CPU
		{32AF839F-0737-4B37-BBA5-650B7AF32E82}.Debug|Any CPU.ActiveCfg = Debug|Any CPU
		{32AF839F-0737-4B37-BBA5-650B7AF32E82}.Debug|Any CPU.Build.0 = Debug|Any CPU
		{32AF839F-0737-4B37-BBA5-650B7AF32E82}.Release|Any CPU.ActiveCfg = Release|Any CPU
		{32AF839F-0737-4B37-BBA5-650B7AF32E82}.Release|Any CPU.Build.0 = Release|Any CPU
		{343EDDB8-BBF0-4966-ABAA-F7600C40D37A}.Debug|Any CPU.ActiveCfg = Debug|Any CPU
		{343EDDB8-BBF0-4966-ABAA-F7600C40D37A}.Debug|Any CPU.Build.0 = Debug|Any CPU
		{343EDDB8-BBF0-4966-ABAA-F7600C40D37A}.Release|Any CPU.ActiveCfg = Release|Any CPU
		{343EDDB8-BBF0-4966-ABAA-F7600C40D37A}.Release|Any CPU.Build.0 = Release|Any CPU
		{0AC38F54-2350-482D-A761-DBCE4ADD185D}.Debug|Any CPU.ActiveCfg = Debug|Any CPU
		{0AC38F54-2350-482D-A761-DBCE4ADD185D}.Debug|Any CPU.Build.0 = Debug|Any CPU
		{0AC38F54-2350-482D-A761-DBCE4ADD185D}.Release|Any CPU.ActiveCfg = Release|Any CPU
		{0AC38F54-2350-482D-A761-DBCE4ADD185D}.Release|Any CPU.Build.0 = Release|Any CPU
		{5F303F29-5F11-4507-A597-16AB8404B8E0}.Debug|Any CPU.ActiveCfg = Debug|Any CPU
		{5F303F29-5F11-4507-A597-16AB8404B8E0}.Debug|Any CPU.Build.0 = Debug|Any CPU
		{5F303F29-5F11-4507-A597-16AB8404B8E0}.Release|Any CPU.ActiveCfg = Release|Any CPU
		{5F303F29-5F11-4507-A597-16AB8404B8E0}.Release|Any CPU.Build.0 = Release|Any CPU
		{20D6696F-8553-4C54-92B6-8F1127F44476}.Debug|Any CPU.ActiveCfg = Debug|Any CPU
		{20D6696F-8553-4C54-92B6-8F1127F44476}.Debug|Any CPU.Build.0 = Debug|Any CPU
		{20D6696F-8553-4C54-92B6-8F1127F44476}.Release|Any CPU.ActiveCfg = Release|Any CPU
		{20D6696F-8553-4C54-92B6-8F1127F44476}.Release|Any CPU.Build.0 = Release|Any CPU
	EndGlobalSection
	GlobalSection(SolutionProperties) = preSolution
		HideSolutionNode = FALSE
	EndGlobalSection
	GlobalSection(ExtensibilityGlobals) = postSolution
		SolutionGuid = {C65FED6D-D83A-4F41-A496-3B4FCF3B1C93}
	EndGlobalSection
EndGlobal
