
Microsoft Visual Studio Solution File, Format Version 12.00
# Visual Studio 15
VisualStudioVersion = 15.0.28307.572
MinimumVisualStudioVersion = 10.0.40219.1
Project("{FAE04EC0-301F-11D3-BF4B-00C04F79EFBC}") = "BrandBook.Web", "BrandBook.Web\BrandBook.Web.csproj", "{16656BE7-8DAF-442B-9D3A-438016784DE8}"
EndProject
Project("{FAE04EC0-301F-11D3-BF4B-00C04F79EFBC}") = "BrandBook.Core", "BrandBook.Core\BrandBook.Core.csproj", "{095315A3-F944-4219-BBFF-DAAA4D214C03}"
EndProject
Project("{FAE04EC0-301F-11D3-BF4B-00C04F79EFBC}") = "BrandBook.Infrastructure", "BrandBook.Infrastructure\BrandBook.Infrastructure.csproj", "{F7421C73-9FD6-4213-ABAF-630D8428305E}"
EndProject
Project("{FAE04EC0-301F-11D3-BF4B-00C04F79EFBC}") = "BrandBook.Services", "BrandBook.Services\BrandBook.Services.csproj", "{8C90C0CD-8087-4521-B92F-F2845BE4E5F6}"
EndProject
Global
	GlobalSection(SolutionConfigurationPlatforms) = preSolution
		Debug|Any CPU = Debug|Any CPU
		Release|Any CPU = Release|Any CPU
	EndGlobalSection
	GlobalSection(ProjectConfigurationPlatforms) = postSolution
		{16656BE7-8DAF-442B-9D3A-438016784DE8}.Debug|Any CPU.ActiveCfg = Debug|Any CPU
		{16656BE7-8DAF-442B-9D3A-438016784DE8}.Debug|Any CPU.Build.0 = Debug|Any CPU
		{16656BE7-8DAF-442B-9D3A-438016784DE8}.Release|Any CPU.ActiveCfg = Release|Any CPU
		{16656BE7-8DAF-442B-9D3A-438016784DE8}.Release|Any CPU.Build.0 = Release|Any CPU
		{095315A3-F944-4219-BBFF-DAAA4D214C03}.Debug|Any CPU.ActiveCfg = Debug|Any CPU
		{095315A3-F944-4219-BBFF-DAAA4D214C03}.Debug|Any CPU.Build.0 = Debug|Any CPU
		{095315A3-F944-4219-BBFF-DAAA4D214C03}.Release|Any CPU.ActiveCfg = Release|Any CPU
		{095315A3-F944-4219-BBFF-DAAA4D214C03}.Release|Any CPU.Build.0 = Release|Any CPU
		{F7421C73-9FD6-4213-ABAF-630D8428305E}.Debug|Any CPU.ActiveCfg = Debug|Any CPU
		{F7421C73-9FD6-4213-ABAF-630D8428305E}.Debug|Any CPU.Build.0 = Debug|Any CPU
		{F7421C73-9FD6-4213-ABAF-630D8428305E}.Release|Any CPU.ActiveCfg = Release|Any CPU
		{F7421C73-9FD6-4213-ABAF-630D8428305E}.Release|Any CPU.Build.0 = Release|Any CPU
		{8C90C0CD-8087-4521-B92F-F2845BE4E5F6}.Debug|Any CPU.ActiveCfg = Debug|Any CPU
		{8C90C0CD-8087-4521-B92F-F2845BE4E5F6}.Debug|Any CPU.Build.0 = Debug|Any CPU
		{8C90C0CD-8087-4521-B92F-F2845BE4E5F6}.Release|Any CPU.ActiveCfg = Release|Any CPU
		{8C90C0CD-8087-4521-B92F-F2845BE4E5F6}.Release|Any CPU.Build.0 = Release|Any CPU
	EndGlobalSection
	GlobalSection(SolutionProperties) = preSolution
		HideSolutionNode = FALSE
	EndGlobalSection
	GlobalSection(ExtensibilityGlobals) = postSolution
		SolutionGuid = {9A8A22C4-CB71-4ADC-A800-F84EB6D0ABFB}
	EndGlobalSection
EndGlobal
